
Microsoft Visual Studio Solution File, Format Version 12.00
# Visual Studio Version 17
VisualStudioVersion = 17.9.34714.143
MinimumVisualStudioVersion = 10.0.40219.1
Project("{FAE04EC0-301F-11D3-BF4B-00C04F79EFBC}") = "WpfRoutedEvent_2", "WpfRoutedEvent_2\WpfRoutedEvent_2.csproj", "{6F01F432-C068-4DF1-987B-9212D57B94AA}"
EndProject
Global
	GlobalSection(SolutionConfigurationPlatforms) = preSolution
		Debug|Any CPU = Debug|Any CPU
		Release|Any CPU = Release|Any CPU
	EndGlobalSection
	GlobalSection(ProjectConfigurationPlatforms) = postSolution
		{6F01F432-C068-4DF1-987B-9212D57B94AA}.Debug|Any CPU.ActiveCfg = Debug|Any CPU
		{6F01F432-C068-4DF1-987B-9212D57B94AA}.Debug|Any CPU.Build.0 = Debug|Any CPU
		{6F01F432-C068-4DF1-987B-9212D57B94AA}.Release|Any CPU.ActiveCfg = Release|Any CPU
		{6F01F432-C068-4DF1-987B-9212D57B94AA}.Release|Any CPU.Build.0 = Release|Any CPU
	EndGlobalSection
	GlobalSection(SolutionProperties) = preSolution
		HideSolutionNode = FALSE
	EndGlobalSection
	GlobalSection(ExtensibilityGlobals) = postSolution
		SolutionGuid = {94238017-836B-4CEC-A8A5-4A1F600AFD6F}
	EndGlobalSection
EndGlobal
