
Microsoft Visual Studio Solution File, Format Version 12.00
# Visual Studio Version 17
VisualStudioVersion = 17.9.34714.143
MinimumVisualStudioVersion = 10.0.40219.1
Project("{FAE04EC0-301F-11D3-BF4B-00C04F79EFBC}") = "BackgroundWorker", "BackgroundWorker\BackgroundWorker.csproj", "{5DA0DE87-D6A1-4E4C-AD07-52B5E3F5923D}"
EndProject
Global
	GlobalSection(SolutionConfigurationPlatforms) = preSolution
		Debug|Any CPU = Debug|Any CPU
		Release|Any CPU = Release|Any CPU
	EndGlobalSection
	GlobalSection(ProjectConfigurationPlatforms) = postSolution
		{5DA0DE87-D6A1-4E4C-AD07-52B5E3F5923D}.Debug|Any CPU.ActiveCfg = Debug|Any CPU
		{5DA0DE87-D6A1-4E4C-AD07-52B5E3F5923D}.Debug|Any CPU.Build.0 = Debug|Any CPU
		{5DA0DE87-D6A1-4E4C-AD07-52B5E3F5923D}.Release|Any CPU.ActiveCfg = Release|Any CPU
		{5DA0DE87-D6A1-4E4C-AD07-52B5E3F5923D}.Release|Any CPU.Build.0 = Release|Any CPU
	EndGlobalSection
	GlobalSection(SolutionProperties) = preSolution
		HideSolutionNode = FALSE
	EndGlobalSection
	GlobalSection(ExtensibilityGlobals) = postSolution
		SolutionGuid = {FBF22318-078B-442A-95FE-BCE8011229D0}
	EndGlobalSection
EndGlobal
