
Microsoft Visual Studio Solution File, Format Version 12.00
# Visual Studio Version 17
VisualStudioVersion = 17.9.34714.143
MinimumVisualStudioVersion = 10.0.40219.1
Project("{FAE04EC0-301F-11D3-BF4B-00C04F79EFBC}") = "WpfRoutedEvent_1", "WpfRoutedEvent_1\WpfRoutedEvent_1.csproj", "{30922FBD-102F-4327-82DD-DE1F13ADFA0B}"
EndProject
Global
	GlobalSection(SolutionConfigurationPlatforms) = preSolution
		Debug|Any CPU = Debug|Any CPU
		Release|Any CPU = Release|Any CPU
	EndGlobalSection
	GlobalSection(ProjectConfigurationPlatforms) = postSolution
		{30922FBD-102F-4327-82DD-DE1F13ADFA0B}.Debug|Any CPU.ActiveCfg = Debug|Any CPU
		{30922FBD-102F-4327-82DD-DE1F13ADFA0B}.Debug|Any CPU.Build.0 = Debug|Any CPU
		{30922FBD-102F-4327-82DD-DE1F13ADFA0B}.Release|Any CPU.ActiveCfg = Release|Any CPU
		{30922FBD-102F-4327-82DD-DE1F13ADFA0B}.Release|Any CPU.Build.0 = Release|Any CPU
	EndGlobalSection
	GlobalSection(SolutionProperties) = preSolution
		HideSolutionNode = FALSE
	EndGlobalSection
	GlobalSection(ExtensibilityGlobals) = postSolution
		SolutionGuid = {C93D2F72-81E7-487E-96C7-ECA095F523D1}
	EndGlobalSection
EndGlobal
