
Microsoft Visual Studio Solution File, Format Version 12.00
# Visual Studio Version 17
VisualStudioVersion = 17.9.34714.143
MinimumVisualStudioVersion = 10.0.40219.1
Project("{FAE04EC0-301F-11D3-BF4B-00C04F79EFBC}") = "WpfApplicationChart", "WpfApplicationChart\WpfApplicationChart.csproj", "{AC6BEA21-0146-4F30-B869-D862EF1009CD}"
EndProject
Global
	GlobalSection(SolutionConfigurationPlatforms) = preSolution
		Debug|Any CPU = Debug|Any CPU
		Release|Any CPU = Release|Any CPU
	EndGlobalSection
	GlobalSection(ProjectConfigurationPlatforms) = postSolution
		{AC6BEA21-0146-4F30-B869-D862EF1009CD}.Debug|Any CPU.ActiveCfg = Debug|Any CPU
		{AC6BEA21-0146-4F30-B869-D862EF1009CD}.Debug|Any CPU.Build.0 = Debug|Any CPU
		{AC6BEA21-0146-4F30-B869-D862EF1009CD}.Release|Any CPU.ActiveCfg = Release|Any CPU
		{AC6BEA21-0146-4F30-B869-D862EF1009CD}.Release|Any CPU.Build.0 = Release|Any CPU
	EndGlobalSection
	GlobalSection(SolutionProperties) = preSolution
		HideSolutionNode = FALSE
	EndGlobalSection
	GlobalSection(ExtensibilityGlobals) = postSolution
		SolutionGuid = {296F6F58-17AA-41CE-9713-67EA2D617ED4}
	EndGlobalSection
EndGlobal
